{
  "version": 4,
  "terraform_version": "1.7.2",
  "serial": 158,
  "lineage": "7ee05228-16c8-db46-5ccd-92e6f1255f8f",
  "outputs": {
    "ec2_private_key": {
      "value": "-----BEGIN RSA PRIVATE KEY-----\nMIIJKAIBAAKCAgEAuFsIGl+2YBpOXiQ5GR9oYX9rAkgmd0KOYoXati3S0V7/po9A\nk+TnpIMsCBGPsOfsjEw3SDn9GmxvmGBxZPYqPf8NYLSc++VnUvyqO6/kKv+zbScR\ncyF3t5DxagnXGXil6VaZtS1/W9yKhkobFBfJRr9w9xhYe/1v2Somc8Vr0+j/uQSS\nMVS6zuHFFGevfUYCi8E0+jaUyWnVQAW+14GlhFAlCSTzYbxvjnTX5QgYlDYz//wb\nJMKhA3DIbu7LupAhUElBBTLAo+5YmhD+sHASiRFvJRQN4sppwFl8bh7G3cpjjh03\nLNUNVzJ/rrM7v4/Wd2N05MqW5xhQ4trTQZb80m5cHvdTYO8LbAyBdwOnQyJF1koz\naHOga6CAOGe5teE0y5M8odUAM5n3d83fjmaU21BdoGSTVEm9CdPTNqbR/TiXXS88\nxwRcqieBB60h2uSfiCERlmPekwaXzeQUG08bAwcwPNo872KXfy5TqtxqGtoX299j\nE/+TkVjZ6o3M1+D3ML2H+nAnLb+imWgaY0+LcOvrYqTUmT78nPB5X0RjqptxYFes\n2rPmBMYZMHM8hjTOFeZe77W4M934c9I1v04v19wTmsaN5eUaPNHA0ZMmJQXu9XXZ\nelEEGhvXDyFnsDNK89ifQYutQOpFmRv7WGRhLZl4FN1LHbcddr01EzGanSUCAwEA\nAQKCAgBa4p3zCp6JcE6UQL1Zck9uSXfCzzkPcGNrlNvHFn4pM/FK9rJ6ds3wH660\nZ5v0NdI7NFPIqrXpse2uLFWa1XTrzXKV61S9JlIy6lcuR79vp1GYjTsgDC7N84ng\noetGJmF80HHEjSKNcgNkwuHonPVgiH6zgnAU6FOctxfv2TMYbHStjOBZq5DQ7yLO\ntXMhikM1DNIGTKQ7S46TGoIEEmk7+prXkDzgQRqqG1ZYFg6v+qzWFT54d+8TGCXn\n8pfDaMzTnNmOK4AnERjjE1/MMeQhaNPnbqSN2wYZisQ6MbgOnXlJFYQe+QWzqDSk\nNr5M6SdtAj4dkPamBSnTPNgLLNmEOdCzknSgqr5ezHTqQTGpS1UtVQss1PB12WUR\n50m2zn1loHTAWtRSCx2n3Wi3VlG8PeOUvdDqvv7fqys4qeh/rE4y9uHWdGTZItkb\ndC+L7Z/L2xWWEKFyrC/G1eMzJGf0Je9b2VR47TFv2bM56qE+MqCjtVKKqqUJ80yI\nakKSFaZy2zoPqkEX4zlr1WtrdKl5RkZs8W1JGCX/mOqbxPhtxT9VElpDlSzxqU7Y\nSG2gRrqCAg62sEQg4cGiymHWr3dEEXUkrZPwxTq10HPDyJ8JKazJUZbY00gcI9t1\nchI017jl+BiPIJqMXELRQTpyCYzil1DsGlh313iHYptnabwknQKCAQEA5glBsshq\ndWxOJWphOcbR6LTswbm+/QI8KX33z+AL8Q4B477Q2fi/teXJXuGyFnUauucA1oY3\n+XHjiCkPAEn1KupbN6YyGcFuWUDvq1ZouRWGCt6oZMzUhgXC0ZubUlsZsmaFTn1a\nZZPPZfLdN3y4bxRTEW/T9Dl4IXI7P2NMzA8T8cLVQqUIyeqMCq8Jxah/OTrDu/l2\nwlDr6OMYIxlq7yXPmO0qCDqJ1vm8FF656iWQziF+JhaiL168ALn7ciazLv1c3Q9+\nyya05H00bsi5Er0fbtw21ib80yuj5R8X7jqx2Eb0P0AKXkaraYiqonq0iUi1hVi+\nFPCBVW1K4Eg4swKCAQEAzSndePaJ/d1BpZzcErG6vTH7y4UQmj1WmaKU7Y3BjGi1\n2KSgiCIXrIMPCUXxTVGMBbuRhvRYYd7w8D6MHITNT2sCxEsJV6OcyqSsEigeQkwr\nYIB91GnBgA1I9xY7jB3S/OOAcMQu+d+ypFt7VAj9wlDromyreDMB2O3vSkS2UYJc\n6lj1cbUvtaGez0swdm1N+hlJzfhD56MUqQbHLUzrxhXXdPJeiD9nta52ACpjiEn0\nhKrQQ0QYMSzqkW7TUuFpIRvdz2+5xhHGSpMPj+Vh7da7WI9w1T1Tcvfm5KcNKFvX\nqQYeJQKEAiZDuNYwDymvzhVPCvUnOga+qTLJ/xBOxwKCAQBCFUitXovOvdVZRE03\n9tjYfBlDseOe9WRpGwn0ys1Da525WljPNXmFfMSzoCyz7OJH7RK9jgNIgqI1vG3V\nzGlE8dxQiUr9QSc9Nr1jQEiHWxqNxtcjVgB7m+4SnxwotYkVSgRjvvkYEzVSeUl5\npjepmXIfoTuHfnb3TMSeeh1WxcIaArmXEqgKsXmXnB83jCc4Ppx6RLkMK4kJ9ys4\n8hVZLEiOCxu3D3IHsuiIBYptLGuD+/UsZfYjm5hwsPz+FwYEqr5htxDatXzj4uAM\nL1eTfYcpJtQOA1dAJtpHeP477tqmYgPKo9AWs0CM6bjzQkLY6W1UKGE6zLiq3OHU\nuoqnAoIBAQCSf3t63aipUu2GYZyv6KMsZ92hdPHnATeuWu63NkrnhPmcqelLa/S1\npZv+BiiJClrO2SHQWPgnYrdvBWqtDpNAS2xdWCtinhzegnmwOV9p/dPXg8jV/XJD\nirj4XrLEmaNIGvdjDmNw37BDNmO5HPZ+Y6PuhmRmXx3JlhURVkFNsKXCXSVePX/E\n1ZR99vWzCtfsZ1RRNB7g741YKNPe4BdXic8g3dRsu8HFdL8j3SDXd9+XQBWYgq43\npxgUIyvY+cZE8w4PCnuAGL8cDyjEmomz+GoskbiDO9gztxrzWOnHUNWNByZNTR+Q\nHVysRp1opl637HVVoLqS77ADR5X/gNiPAoIBAHMBb5fjJpROvDoTz6BUOgkaOpVr\nInfTC8uzx8Qmc+2Ay422axMgI3ORWcNLhU+SBUb9kUFva2TtHFvoqf5QYjQxpSRx\noOomGdxN2PO3UdEFNObQ0lS0PunVZ5zSg1g265n4tv9cpzZf6DfGLjTt9K6Ppexh\nnOworACCj7tbqzo72aCQXqQe+qoW3d13clfLoBS5cUrrwylPijvxSyF7LJIiNWIH\nPrCuwmZx+ndfBHSqiA5Hz7CcJdrrXqnL1C+A7jZQGk9zAdRsxwz/pahC9o7KaiDl\nFTVH5Nhge6n0AYCDzMGJkAWZd76PfBbGkPgOQMHzo1XQjtiQ5PddBB0JSQA=\n-----END RSA PRIVATE KEY-----\n",
      "type": "string",
      "sensitive": true
    },
    "ec2_public_ip": {
      "value": "54.255.185.164",
      "type": "string"
    },
    "eip_public_ip": {
      "value": "54.179.25.167",
      "type": "string"
    },
    "subnets_list": {
      "value": {
        "sub-a-pub-01": "subnet-08b7f656be5eebf6d",
        "sub-b-pub-01": "subnet-0bbd88c6ea369dc00"
      },
      "type": [
        "object",
        {
          "sub-a-pub-01": "string",
          "sub-b-pub-01": "string"
        }
      ]
    }
  },
  "resources": [
    {
      "mode": "managed",
      "type": "aws_eip",
      "name": "ec2",
      "provider": "provider[\"registry.terraform.io/hashicorp/aws\"]",
      "instances": [
        {
          "schema_version": 0,
          "attributes": {
            "address": null,
            "allocation_id": "eipalloc-0c66bc1182261d43e",
            "arn": "arn:aws:ec2:ap-southeast-1:847759535325:elastic-ip/eipalloc-0c66bc1182261d43e",
            "associate_with_private_ip": null,
            "association_id": "eipassoc-0be2b087aab6b86f2",
            "carrier_ip": "",
            "customer_owned_ip": "",
            "customer_owned_ipv4_pool": "",
            "domain": "vpc",
            "id": "eipalloc-0c66bc1182261d43e",
            "instance": "i-0ba0b8bf756814c5a",
            "ipam_pool_id": null,
            "network_border_group": "ap-southeast-1",
            "network_interface": "eni-0c80e41c53d8e41ff",
            "private_dns": "ip-192-168-1-10.ap-southeast-1.compute.internal",
            "private_ip": "192.168.1.10",
            "ptr_record": "",
            "public_dns": "ec2-54-179-25-167.ap-southeast-1.compute.amazonaws.com",
            "public_ip": "54.179.25.167",
            "public_ipv4_pool": "amazon",
            "tags": null,
            "tags_all": {},
            "timeouts": null,
            "vpc": true
          },
          "sensitive_attributes": [],
          "private": "eyJlMmJmYjczMC1lY2FhLTExZTYtOGY4OC0zNDM2M2JjN2M0YzAiOnsiZGVsZXRlIjoxODAwMDAwMDAwMDAsInJlYWQiOjkwMDAwMDAwMDAwMCwidXBkYXRlIjozMDAwMDAwMDAwMDB9fQ==",
          "dependencies": [
            "module.security_groups.aws_security_group.this",
            "module.static_webpage_ec2.aws_instance.this",
            "module.subnets.aws_subnet.this",
            "module.vpc.aws_vpc.this"
          ]
        }
      ]
    },
    {
      "mode": "managed",
      "type": "aws_key_pair",
      "name": "generated_key",
      "provider": "provider[\"registry.terraform.io/hashicorp/aws\"]",
      "instances": [
        {
          "schema_version": 1,
          "attributes": {
            "arn": "arn:aws:ec2:ap-southeast-1:847759535325:key-pair/my_ec2_keypair",
            "fingerprint": "18:8c:0a:7f:0e:b5:09:ae:a6:f1:85:af:ac:8a:43:ff",
            "id": "my_ec2_keypair",
            "key_name": "my_ec2_keypair",
            "key_name_prefix": "",
            "key_pair_id": "key-06afbb372bcd79fdf",
            "key_type": "rsa",
            "public_key": "ssh-rsa AAAAB3NzaC1yc2EAAAADAQABAAACAQC4WwgaX7ZgGk5eJDkZH2hhf2sCSCZ3Qo5ihdq2LdLRXv+mj0CT5OekgywIEY+w5+yMTDdIOf0abG+YYHFk9io9/w1gtJz75WdS/Ko7r+Qq/7NtJxFzIXe3kPFqCdcZeKXpVpm1LX9b3IqGShsUF8lGv3D3GFh7/W/ZKiZzxWvT6P+5BJIxVLrO4cUUZ699RgKLwTT6NpTJadVABb7XgaWEUCUJJPNhvG+OdNflCBiUNjP//BskwqEDcMhu7su6kCFQSUEFMsCj7liaEP6wcBKJEW8lFA3iymnAWXxuHsbdymOOHTcs1Q1XMn+uszu/j9Z3Y3TkypbnGFDi2tNBlvzSblwe91Ng7wtsDIF3A6dDIkXWSjNoc6BroIA4Z7m14TTLkzyh1QAzmfd3zd+OZpTbUF2gZJNUSb0J09M2ptH9OJddLzzHBFyqJ4EHrSHa5J+IIRGWY96TBpfN5BQbTxsDBzA82jzvYpd/LlOq3Goa2hfb32MT/5ORWNnqjczX4PcwvYf6cCctv6KZaBpjT4tw6+tipNSZPvyc8HlfRGOqm3FgV6zas+YExhkwczyGNM4V5l7vtbgz3fhz0jW/Ti/X3BOaxo3l5Ro80cDRkyYlBe71ddl6UQQaG9cPIWewM0rz2J9Bi61A6kWZG/tYZGEtmXgU3Usdtx12vTUTMZqdJQ==",
            "tags": null,
            "tags_all": {}
          },
          "sensitive_attributes": [],
          "private": "eyJzY2hlbWFfdmVyc2lvbiI6IjEifQ==",
          "dependencies": [
            "tls_private_key.demo_key"
          ]
        }
      ]
    },
    {
      "mode": "managed",
      "type": "local_file",
      "name": "ec2_private_key",
      "provider": "provider[\"registry.terraform.io/hashicorp/local\"]",
      "instances": [
        {
          "schema_version": 0,
          "attributes": {
            "content": "-----BEGIN RSA PRIVATE KEY-----\nMIIJKAIBAAKCAgEAuFsIGl+2YBpOXiQ5GR9oYX9rAkgmd0KOYoXati3S0V7/po9A\nk+TnpIMsCBGPsOfsjEw3SDn9GmxvmGBxZPYqPf8NYLSc++VnUvyqO6/kKv+zbScR\ncyF3t5DxagnXGXil6VaZtS1/W9yKhkobFBfJRr9w9xhYe/1v2Somc8Vr0+j/uQSS\nMVS6zuHFFGevfUYCi8E0+jaUyWnVQAW+14GlhFAlCSTzYbxvjnTX5QgYlDYz//wb\nJMKhA3DIbu7LupAhUElBBTLAo+5YmhD+sHASiRFvJRQN4sppwFl8bh7G3cpjjh03\nLNUNVzJ/rrM7v4/Wd2N05MqW5xhQ4trTQZb80m5cHvdTYO8LbAyBdwOnQyJF1koz\naHOga6CAOGe5teE0y5M8odUAM5n3d83fjmaU21BdoGSTVEm9CdPTNqbR/TiXXS88\nxwRcqieBB60h2uSfiCERlmPekwaXzeQUG08bAwcwPNo872KXfy5TqtxqGtoX299j\nE/+TkVjZ6o3M1+D3ML2H+nAnLb+imWgaY0+LcOvrYqTUmT78nPB5X0RjqptxYFes\n2rPmBMYZMHM8hjTOFeZe77W4M934c9I1v04v19wTmsaN5eUaPNHA0ZMmJQXu9XXZ\nelEEGhvXDyFnsDNK89ifQYutQOpFmRv7WGRhLZl4FN1LHbcddr01EzGanSUCAwEA\nAQKCAgBa4p3zCp6JcE6UQL1Zck9uSXfCzzkPcGNrlNvHFn4pM/FK9rJ6ds3wH660\nZ5v0NdI7NFPIqrXpse2uLFWa1XTrzXKV61S9JlIy6lcuR79vp1GYjTsgDC7N84ng\noetGJmF80HHEjSKNcgNkwuHonPVgiH6zgnAU6FOctxfv2TMYbHStjOBZq5DQ7yLO\ntXMhikM1DNIGTKQ7S46TGoIEEmk7+prXkDzgQRqqG1ZYFg6v+qzWFT54d+8TGCXn\n8pfDaMzTnNmOK4AnERjjE1/MMeQhaNPnbqSN2wYZisQ6MbgOnXlJFYQe+QWzqDSk\nNr5M6SdtAj4dkPamBSnTPNgLLNmEOdCzknSgqr5ezHTqQTGpS1UtVQss1PB12WUR\n50m2zn1loHTAWtRSCx2n3Wi3VlG8PeOUvdDqvv7fqys4qeh/rE4y9uHWdGTZItkb\ndC+L7Z/L2xWWEKFyrC/G1eMzJGf0Je9b2VR47TFv2bM56qE+MqCjtVKKqqUJ80yI\nakKSFaZy2zoPqkEX4zlr1WtrdKl5RkZs8W1JGCX/mOqbxPhtxT9VElpDlSzxqU7Y\nSG2gRrqCAg62sEQg4cGiymHWr3dEEXUkrZPwxTq10HPDyJ8JKazJUZbY00gcI9t1\nchI017jl+BiPIJqMXELRQTpyCYzil1DsGlh313iHYptnabwknQKCAQEA5glBsshq\ndWxOJWphOcbR6LTswbm+/QI8KX33z+AL8Q4B477Q2fi/teXJXuGyFnUauucA1oY3\n+XHjiCkPAEn1KupbN6YyGcFuWUDvq1ZouRWGCt6oZMzUhgXC0ZubUlsZsmaFTn1a\nZZPPZfLdN3y4bxRTEW/T9Dl4IXI7P2NMzA8T8cLVQqUIyeqMCq8Jxah/OTrDu/l2\nwlDr6OMYIxlq7yXPmO0qCDqJ1vm8FF656iWQziF+JhaiL168ALn7ciazLv1c3Q9+\nyya05H00bsi5Er0fbtw21ib80yuj5R8X7jqx2Eb0P0AKXkaraYiqonq0iUi1hVi+\nFPCBVW1K4Eg4swKCAQEAzSndePaJ/d1BpZzcErG6vTH7y4UQmj1WmaKU7Y3BjGi1\n2KSgiCIXrIMPCUXxTVGMBbuRhvRYYd7w8D6MHITNT2sCxEsJV6OcyqSsEigeQkwr\nYIB91GnBgA1I9xY7jB3S/OOAcMQu+d+ypFt7VAj9wlDromyreDMB2O3vSkS2UYJc\n6lj1cbUvtaGez0swdm1N+hlJzfhD56MUqQbHLUzrxhXXdPJeiD9nta52ACpjiEn0\nhKrQQ0QYMSzqkW7TUuFpIRvdz2+5xhHGSpMPj+Vh7da7WI9w1T1Tcvfm5KcNKFvX\nqQYeJQKEAiZDuNYwDymvzhVPCvUnOga+qTLJ/xBOxwKCAQBCFUitXovOvdVZRE03\n9tjYfBlDseOe9WRpGwn0ys1Da525WljPNXmFfMSzoCyz7OJH7RK9jgNIgqI1vG3V\nzGlE8dxQiUr9QSc9Nr1jQEiHWxqNxtcjVgB7m+4SnxwotYkVSgRjvvkYEzVSeUl5\npjepmXIfoTuHfnb3TMSeeh1WxcIaArmXEqgKsXmXnB83jCc4Ppx6RLkMK4kJ9ys4\n8hVZLEiOCxu3D3IHsuiIBYptLGuD+/UsZfYjm5hwsPz+FwYEqr5htxDatXzj4uAM\nL1eTfYcpJtQOA1dAJtpHeP477tqmYgPKo9AWs0CM6bjzQkLY6W1UKGE6zLiq3OHU\nuoqnAoIBAQCSf3t63aipUu2GYZyv6KMsZ92hdPHnATeuWu63NkrnhPmcqelLa/S1\npZv+BiiJClrO2SHQWPgnYrdvBWqtDpNAS2xdWCtinhzegnmwOV9p/dPXg8jV/XJD\nirj4XrLEmaNIGvdjDmNw37BDNmO5HPZ+Y6PuhmRmXx3JlhURVkFNsKXCXSVePX/E\n1ZR99vWzCtfsZ1RRNB7g741YKNPe4BdXic8g3dRsu8HFdL8j3SDXd9+XQBWYgq43\npxgUIyvY+cZE8w4PCnuAGL8cDyjEmomz+GoskbiDO9gztxrzWOnHUNWNByZNTR+Q\nHVysRp1opl637HVVoLqS77ADR5X/gNiPAoIBAHMBb5fjJpROvDoTz6BUOgkaOpVr\nInfTC8uzx8Qmc+2Ay422axMgI3ORWcNLhU+SBUb9kUFva2TtHFvoqf5QYjQxpSRx\noOomGdxN2PO3UdEFNObQ0lS0PunVZ5zSg1g265n4tv9cpzZf6DfGLjTt9K6Ppexh\nnOworACCj7tbqzo72aCQXqQe+qoW3d13clfLoBS5cUrrwylPijvxSyF7LJIiNWIH\nPrCuwmZx+ndfBHSqiA5Hz7CcJdrrXqnL1C+A7jZQGk9zAdRsxwz/pahC9o7KaiDl\nFTVH5Nhge6n0AYCDzMGJkAWZd76PfBbGkPgOQMHzo1XQjtiQ5PddBB0JSQA=\n-----END RSA PRIVATE KEY-----\n",
            "content_base64": null,
            "content_base64sha256": "ITQK5nD8vZ8mNIkoir3f7jKDP5Rd/HtENv5aSWNyFIQ=",
            "content_base64sha512": "9aZktOc5Ml7xRrYfwAcKvOB1y+6ndEiUFoXx0ZEE/ve9k56A/mLS26X+Or264K8TlzY24Y0aMEqrhWBu5zT/kA==",
            "content_md5": "23ef8b0eaff2072da478037dfdb129d6",
            "content_sha1": "3f4e890a6da4c8a14d75a6bd8b42ebdc814b740b",
            "content_sha256": "21340ae670fcbd9f263489288abddfee32833f945dfc7b4436fe5a4963721484",
            "content_sha512": "f5a664b4e739325ef146b61fc0070abce075cbeea77448941685f1d19104fef7bd939e80fe62d2dba5fe3abdbae0af13973636e18d1a304aab85606ee734ff90",
            "directory_permission": "0777",
            "file_permission": "0777",
            "filename": "./ssh_keypair/ec2_private_key.ppk",
            "id": "3f4e890a6da4c8a14d75a6bd8b42ebdc814b740b",
            "sensitive_content": null,
            "source": null
          },
          "sensitive_attributes": [
            [
              {
                "type": "get_attr",
                "value": "content"
              }
            ]
          ],
          "dependencies": [
            "tls_private_key.demo_key"
          ]
        }
      ]
    },
    {
      "mode": "managed",
      "type": "tls_private_key",
      "name": "demo_key",
      "provider": "provider[\"registry.terraform.io/hashicorp/tls\"]",
      "instances": [
        {
          "schema_version": 1,
          "attributes": {
            "algorithm": "RSA",
            "ecdsa_curve": "P224",
            "id": "c6f40e674d477bee96977add37af353cf5f21a91",
            "private_key_openssh": "-----BEGIN OPENSSH PRIVATE KEY-----\nb3BlbnNzaC1rZXktdjEAAAAABG5vbmUAAAAEbm9uZQAAAAAAAAABAAACFwAAAAdz\nc2gtcnNhAAAAAwEAAQAAAgEAuFsIGl+2YBpOXiQ5GR9oYX9rAkgmd0KOYoXati3S\n0V7/po9Ak+TnpIMsCBGPsOfsjEw3SDn9GmxvmGBxZPYqPf8NYLSc++VnUvyqO6/k\nKv+zbScRcyF3t5DxagnXGXil6VaZtS1/W9yKhkobFBfJRr9w9xhYe/1v2Somc8Vr\n0+j/uQSSMVS6zuHFFGevfUYCi8E0+jaUyWnVQAW+14GlhFAlCSTzYbxvjnTX5QgY\nlDYz//wbJMKhA3DIbu7LupAhUElBBTLAo+5YmhD+sHASiRFvJRQN4sppwFl8bh7G\n3cpjjh03LNUNVzJ/rrM7v4/Wd2N05MqW5xhQ4trTQZb80m5cHvdTYO8LbAyBdwOn\nQyJF1kozaHOga6CAOGe5teE0y5M8odUAM5n3d83fjmaU21BdoGSTVEm9CdPTNqbR\n/TiXXS88xwRcqieBB60h2uSfiCERlmPekwaXzeQUG08bAwcwPNo872KXfy5Tqtxq\nGtoX299jE/+TkVjZ6o3M1+D3ML2H+nAnLb+imWgaY0+LcOvrYqTUmT78nPB5X0Rj\nqptxYFes2rPmBMYZMHM8hjTOFeZe77W4M934c9I1v04v19wTmsaN5eUaPNHA0ZMm\nJQXu9XXZelEEGhvXDyFnsDNK89ifQYutQOpFmRv7WGRhLZl4FN1LHbcddr01EzGa\nnSUAAAc42dAsDtnQLA4AAAAHc3NoLXJzYQAAAgEAuFsIGl+2YBpOXiQ5GR9oYX9r\nAkgmd0KOYoXati3S0V7/po9Ak+TnpIMsCBGPsOfsjEw3SDn9GmxvmGBxZPYqPf8N\nYLSc++VnUvyqO6/kKv+zbScRcyF3t5DxagnXGXil6VaZtS1/W9yKhkobFBfJRr9w\n9xhYe/1v2Somc8Vr0+j/uQSSMVS6zuHFFGevfUYCi8E0+jaUyWnVQAW+14GlhFAl\nCSTzYbxvjnTX5QgYlDYz//wbJMKhA3DIbu7LupAhUElBBTLAo+5YmhD+sHASiRFv\nJRQN4sppwFl8bh7G3cpjjh03LNUNVzJ/rrM7v4/Wd2N05MqW5xhQ4trTQZb80m5c\nHvdTYO8LbAyBdwOnQyJF1kozaHOga6CAOGe5teE0y5M8odUAM5n3d83fjmaU21Bd\noGSTVEm9CdPTNqbR/TiXXS88xwRcqieBB60h2uSfiCERlmPekwaXzeQUG08bAwcw\nPNo872KXfy5TqtxqGtoX299jE/+TkVjZ6o3M1+D3ML2H+nAnLb+imWgaY0+LcOvr\nYqTUmT78nPB5X0RjqptxYFes2rPmBMYZMHM8hjTOFeZe77W4M934c9I1v04v19wT\nmsaN5eUaPNHA0ZMmJQXu9XXZelEEGhvXDyFnsDNK89ifQYutQOpFmRv7WGRhLZl4\nFN1LHbcddr01EzGanSUAAAADAQABAAACAFrinfMKnolwTpRAvVlyT25Jd8LPOQ9w\nY2uU28cWfikz8Ur2snp2zfAfrrRnm/Q10js0U8iqtemx7a4sVZrVdOvNcpXrVL0m\nUjLqVy5Hv2+nUZiNOyAMLs3zieCh60YmYXzQccSNIo1yA2TC4eic9WCIfrOCcBTo\nU5y3F+/ZMxhsdK2M4FmrkNDvIs61cyGKQzUM0gZMpDtLjpMaggQSaTv6mteQPOBB\nGqobVlgWDq/6rNYVPnh37xMYJefyl8NozNOc2Y4rgCcRGOMTX8wx5CFo0+dupI3b\nBhmKxDoxuA6deUkVhB75BbOoNKQ2vkzpJ20CPh2Q9qYFKdM82Ass2YQ50LOSdKCq\nvl7MdOpBMalLVS1VCyzU8HXZZRHnSbbOfWWgdMBa1FILHafdaLdWUbw945S90Oq+\n/t+rKzip6H+sTjL24dZ0ZNki2Rt0L4vtn8vbFZYQoXKsL8bV4zMkZ/Ql71vZVHjt\nMW/ZsznqoT4yoKO1UoqqpQnzTIhqQpIVpnLbOg+qQRfjOWvVa2t0qXlGRmzxbUkY\nJf+Y6pvE+G3FP1USWkOVLPGpTthIbaBGuoICDrawRCDhwaLKYdavd0QRdSStk/DF\nOrXQc8PInwkprMlRltjTSBwj23VyEjTXuOX4GI8gmoxcQtFBOnIJjOKXUOwaWHfX\neIdim2dpvCSdAAABAHMBb5fjJpROvDoTz6BUOgkaOpVrInfTC8uzx8Qmc+2Ay422\naxMgI3ORWcNLhU+SBUb9kUFva2TtHFvoqf5QYjQxpSRxoOomGdxN2PO3UdEFNObQ\n0lS0PunVZ5zSg1g265n4tv9cpzZf6DfGLjTt9K6PpexhnOworACCj7tbqzo72aCQ\nXqQe+qoW3d13clfLoBS5cUrrwylPijvxSyF7LJIiNWIHPrCuwmZx+ndfBHSqiA5H\nz7CcJdrrXqnL1C+A7jZQGk9zAdRsxwz/pahC9o7KaiDlFTVH5Nhge6n0AYCDzMGJ\nkAWZd76PfBbGkPgOQMHzo1XQjtiQ5PddBB0JSQAAAAEBAOYJQbLIanVsTiVqYTnG\n0ei07MG5vv0CPCl998/gC/EOAeO+0Nn4v7XlyV7hshZ1GrrnANaGN/lx44gpDwBJ\n9SrqWzemMhnBbllA76tWaLkVhgreqGTM1IYFwtGbm1JbGbJmhU59WmWTz2Xy3Td8\nuG8UUxFv0/Q5eCFyOz9jTMwPE/HC1UKlCMnqjAqvCcWofzk6w7v5dsJQ6+jjGCMZ\nau8lz5jtKgg6idb5vBReueolkM4hfiYWoi9evAC5+3Imsy79XN0PfssmtOR9NG7I\nuRK9H27cNtYm/NMro+UfF+46sdhG9D9ACl5Gq2mIqqJ6tIlItYVYvhTwgVVtSuBI\nOLMAAAEBAM0p3Xj2if3dQaWc3BKxur0x+8uFEJo9VpmilO2NwYxotdikoIgiF6yD\nDwlF8U1RjAW7kYb0WGHe8PA+jByEzU9rAsRLCVejnMqkrBIoHkJMK2CAfdRpwYAN\nSPcWO4wd0vzjgHDELvnfsqRbe1QI/cJQ66Jsq3gzAdjt70pEtlGCXOpY9XG1L7Wh\nns9LMHZtTfoZSc34Q+ejFKkGxy1M68YV13TyXog/Z7WudgAqY4hJ9ISq0ENEGDEs\n6pFu01LhaSEb3c9vucYRxkqTD4/lYe3Wu1iPcNU9U3L35uSnDShb16kGHiUChAIm\nQ7jWMA8pr84VTwr1JzoGvqkyyf8QTscAAAAAAQID\n-----END OPENSSH PRIVATE KEY-----\n",
            "private_key_pem": "-----BEGIN RSA PRIVATE KEY-----\nMIIJKAIBAAKCAgEAuFsIGl+2YBpOXiQ5GR9oYX9rAkgmd0KOYoXati3S0V7/po9A\nk+TnpIMsCBGPsOfsjEw3SDn9GmxvmGBxZPYqPf8NYLSc++VnUvyqO6/kKv+zbScR\ncyF3t5DxagnXGXil6VaZtS1/W9yKhkobFBfJRr9w9xhYe/1v2Somc8Vr0+j/uQSS\nMVS6zuHFFGevfUYCi8E0+jaUyWnVQAW+14GlhFAlCSTzYbxvjnTX5QgYlDYz//wb\nJMKhA3DIbu7LupAhUElBBTLAo+5YmhD+sHASiRFvJRQN4sppwFl8bh7G3cpjjh03\nLNUNVzJ/rrM7v4/Wd2N05MqW5xhQ4trTQZb80m5cHvdTYO8LbAyBdwOnQyJF1koz\naHOga6CAOGe5teE0y5M8odUAM5n3d83fjmaU21BdoGSTVEm9CdPTNqbR/TiXXS88\nxwRcqieBB60h2uSfiCERlmPekwaXzeQUG08bAwcwPNo872KXfy5TqtxqGtoX299j\nE/+TkVjZ6o3M1+D3ML2H+nAnLb+imWgaY0+LcOvrYqTUmT78nPB5X0RjqptxYFes\n2rPmBMYZMHM8hjTOFeZe77W4M934c9I1v04v19wTmsaN5eUaPNHA0ZMmJQXu9XXZ\nelEEGhvXDyFnsDNK89ifQYutQOpFmRv7WGRhLZl4FN1LHbcddr01EzGanSUCAwEA\nAQKCAgBa4p3zCp6JcE6UQL1Zck9uSXfCzzkPcGNrlNvHFn4pM/FK9rJ6ds3wH660\nZ5v0NdI7NFPIqrXpse2uLFWa1XTrzXKV61S9JlIy6lcuR79vp1GYjTsgDC7N84ng\noetGJmF80HHEjSKNcgNkwuHonPVgiH6zgnAU6FOctxfv2TMYbHStjOBZq5DQ7yLO\ntXMhikM1DNIGTKQ7S46TGoIEEmk7+prXkDzgQRqqG1ZYFg6v+qzWFT54d+8TGCXn\n8pfDaMzTnNmOK4AnERjjE1/MMeQhaNPnbqSN2wYZisQ6MbgOnXlJFYQe+QWzqDSk\nNr5M6SdtAj4dkPamBSnTPNgLLNmEOdCzknSgqr5ezHTqQTGpS1UtVQss1PB12WUR\n50m2zn1loHTAWtRSCx2n3Wi3VlG8PeOUvdDqvv7fqys4qeh/rE4y9uHWdGTZItkb\ndC+L7Z/L2xWWEKFyrC/G1eMzJGf0Je9b2VR47TFv2bM56qE+MqCjtVKKqqUJ80yI\nakKSFaZy2zoPqkEX4zlr1WtrdKl5RkZs8W1JGCX/mOqbxPhtxT9VElpDlSzxqU7Y\nSG2gRrqCAg62sEQg4cGiymHWr3dEEXUkrZPwxTq10HPDyJ8JKazJUZbY00gcI9t1\nchI017jl+BiPIJqMXELRQTpyCYzil1DsGlh313iHYptnabwknQKCAQEA5glBsshq\ndWxOJWphOcbR6LTswbm+/QI8KX33z+AL8Q4B477Q2fi/teXJXuGyFnUauucA1oY3\n+XHjiCkPAEn1KupbN6YyGcFuWUDvq1ZouRWGCt6oZMzUhgXC0ZubUlsZsmaFTn1a\nZZPPZfLdN3y4bxRTEW/T9Dl4IXI7P2NMzA8T8cLVQqUIyeqMCq8Jxah/OTrDu/l2\nwlDr6OMYIxlq7yXPmO0qCDqJ1vm8FF656iWQziF+JhaiL168ALn7ciazLv1c3Q9+\nyya05H00bsi5Er0fbtw21ib80yuj5R8X7jqx2Eb0P0AKXkaraYiqonq0iUi1hVi+\nFPCBVW1K4Eg4swKCAQEAzSndePaJ/d1BpZzcErG6vTH7y4UQmj1WmaKU7Y3BjGi1\n2KSgiCIXrIMPCUXxTVGMBbuRhvRYYd7w8D6MHITNT2sCxEsJV6OcyqSsEigeQkwr\nYIB91GnBgA1I9xY7jB3S/OOAcMQu+d+ypFt7VAj9wlDromyreDMB2O3vSkS2UYJc\n6lj1cbUvtaGez0swdm1N+hlJzfhD56MUqQbHLUzrxhXXdPJeiD9nta52ACpjiEn0\nhKrQQ0QYMSzqkW7TUuFpIRvdz2+5xhHGSpMPj+Vh7da7WI9w1T1Tcvfm5KcNKFvX\nqQYeJQKEAiZDuNYwDymvzhVPCvUnOga+qTLJ/xBOxwKCAQBCFUitXovOvdVZRE03\n9tjYfBlDseOe9WRpGwn0ys1Da525WljPNXmFfMSzoCyz7OJH7RK9jgNIgqI1vG3V\nzGlE8dxQiUr9QSc9Nr1jQEiHWxqNxtcjVgB7m+4SnxwotYkVSgRjvvkYEzVSeUl5\npjepmXIfoTuHfnb3TMSeeh1WxcIaArmXEqgKsXmXnB83jCc4Ppx6RLkMK4kJ9ys4\n8hVZLEiOCxu3D3IHsuiIBYptLGuD+/UsZfYjm5hwsPz+FwYEqr5htxDatXzj4uAM\nL1eTfYcpJtQOA1dAJtpHeP477tqmYgPKo9AWs0CM6bjzQkLY6W1UKGE6zLiq3OHU\nuoqnAoIBAQCSf3t63aipUu2GYZyv6KMsZ92hdPHnATeuWu63NkrnhPmcqelLa/S1\npZv+BiiJClrO2SHQWPgnYrdvBWqtDpNAS2xdWCtinhzegnmwOV9p/dPXg8jV/XJD\nirj4XrLEmaNIGvdjDmNw37BDNmO5HPZ+Y6PuhmRmXx3JlhURVkFNsKXCXSVePX/E\n1ZR99vWzCtfsZ1RRNB7g741YKNPe4BdXic8g3dRsu8HFdL8j3SDXd9+XQBWYgq43\npxgUIyvY+cZE8w4PCnuAGL8cDyjEmomz+GoskbiDO9gztxrzWOnHUNWNByZNTR+Q\nHVysRp1opl637HVVoLqS77ADR5X/gNiPAoIBAHMBb5fjJpROvDoTz6BUOgkaOpVr\nInfTC8uzx8Qmc+2Ay422axMgI3ORWcNLhU+SBUb9kUFva2TtHFvoqf5QYjQxpSRx\noOomGdxN2PO3UdEFNObQ0lS0PunVZ5zSg1g265n4tv9cpzZf6DfGLjTt9K6Ppexh\nnOworACCj7tbqzo72aCQXqQe+qoW3d13clfLoBS5cUrrwylPijvxSyF7LJIiNWIH\nPrCuwmZx+ndfBHSqiA5Hz7CcJdrrXqnL1C+A7jZQGk9zAdRsxwz/pahC9o7KaiDl\nFTVH5Nhge6n0AYCDzMGJkAWZd76PfBbGkPgOQMHzo1XQjtiQ5PddBB0JSQA=\n-----END RSA PRIVATE KEY-----\n",
            "private_key_pem_pkcs8": "-----BEGIN PRIVATE KEY-----\nMIIJQgIBADANBgkqhkiG9w0BAQEFAASCCSwwggkoAgEAAoICAQC4WwgaX7ZgGk5e\nJDkZH2hhf2sCSCZ3Qo5ihdq2LdLRXv+mj0CT5OekgywIEY+w5+yMTDdIOf0abG+Y\nYHFk9io9/w1gtJz75WdS/Ko7r+Qq/7NtJxFzIXe3kPFqCdcZeKXpVpm1LX9b3IqG\nShsUF8lGv3D3GFh7/W/ZKiZzxWvT6P+5BJIxVLrO4cUUZ699RgKLwTT6NpTJadVA\nBb7XgaWEUCUJJPNhvG+OdNflCBiUNjP//BskwqEDcMhu7su6kCFQSUEFMsCj7lia\nEP6wcBKJEW8lFA3iymnAWXxuHsbdymOOHTcs1Q1XMn+uszu/j9Z3Y3TkypbnGFDi\n2tNBlvzSblwe91Ng7wtsDIF3A6dDIkXWSjNoc6BroIA4Z7m14TTLkzyh1QAzmfd3\nzd+OZpTbUF2gZJNUSb0J09M2ptH9OJddLzzHBFyqJ4EHrSHa5J+IIRGWY96TBpfN\n5BQbTxsDBzA82jzvYpd/LlOq3Goa2hfb32MT/5ORWNnqjczX4PcwvYf6cCctv6KZ\naBpjT4tw6+tipNSZPvyc8HlfRGOqm3FgV6zas+YExhkwczyGNM4V5l7vtbgz3fhz\n0jW/Ti/X3BOaxo3l5Ro80cDRkyYlBe71ddl6UQQaG9cPIWewM0rz2J9Bi61A6kWZ\nG/tYZGEtmXgU3Usdtx12vTUTMZqdJQIDAQABAoICAFrinfMKnolwTpRAvVlyT25J\nd8LPOQ9wY2uU28cWfikz8Ur2snp2zfAfrrRnm/Q10js0U8iqtemx7a4sVZrVdOvN\ncpXrVL0mUjLqVy5Hv2+nUZiNOyAMLs3zieCh60YmYXzQccSNIo1yA2TC4eic9WCI\nfrOCcBToU5y3F+/ZMxhsdK2M4FmrkNDvIs61cyGKQzUM0gZMpDtLjpMaggQSaTv6\nmteQPOBBGqobVlgWDq/6rNYVPnh37xMYJefyl8NozNOc2Y4rgCcRGOMTX8wx5CFo\n0+dupI3bBhmKxDoxuA6deUkVhB75BbOoNKQ2vkzpJ20CPh2Q9qYFKdM82Ass2YQ5\n0LOSdKCqvl7MdOpBMalLVS1VCyzU8HXZZRHnSbbOfWWgdMBa1FILHafdaLdWUbw9\n45S90Oq+/t+rKzip6H+sTjL24dZ0ZNki2Rt0L4vtn8vbFZYQoXKsL8bV4zMkZ/Ql\n71vZVHjtMW/ZsznqoT4yoKO1UoqqpQnzTIhqQpIVpnLbOg+qQRfjOWvVa2t0qXlG\nRmzxbUkYJf+Y6pvE+G3FP1USWkOVLPGpTthIbaBGuoICDrawRCDhwaLKYdavd0QR\ndSStk/DFOrXQc8PInwkprMlRltjTSBwj23VyEjTXuOX4GI8gmoxcQtFBOnIJjOKX\nUOwaWHfXeIdim2dpvCSdAoIBAQDmCUGyyGp1bE4lamE5xtHotOzBub79AjwpfffP\n4AvxDgHjvtDZ+L+15cle4bIWdRq65wDWhjf5ceOIKQ8ASfUq6ls3pjIZwW5ZQO+r\nVmi5FYYK3qhkzNSGBcLRm5tSWxmyZoVOfVplk89l8t03fLhvFFMRb9P0OXghcjs/\nY0zMDxPxwtVCpQjJ6owKrwnFqH85OsO7+XbCUOvo4xgjGWrvJc+Y7SoIOonW+bwU\nXrnqJZDOIX4mFqIvXrwAuftyJrMu/VzdD37LJrTkfTRuyLkSvR9u3DbWJvzTK6Pl\nHxfuOrHYRvQ/QApeRqtpiKqierSJSLWFWL4U8IFVbUrgSDizAoIBAQDNKd149on9\n3UGlnNwSsbq9MfvLhRCaPVaZopTtjcGMaLXYpKCIIhesgw8JRfFNUYwFu5GG9Fhh\n3vDwPowchM1PawLESwlXo5zKpKwSKB5CTCtggH3UacGADUj3FjuMHdL844BwxC75\n37KkW3tUCP3CUOuibKt4MwHY7e9KRLZRglzqWPVxtS+1oZ7PSzB2bU36GUnN+EPn\noxSpBsctTOvGFdd08l6IP2e1rnYAKmOISfSEqtBDRBgxLOqRbtNS4WkhG93Pb7nG\nEcZKkw+P5WHt1rtYj3DVPVNy9+bkpw0oW9epBh4lAoQCJkO41jAPKa/OFU8K9Sc6\nBr6pMsn/EE7HAoIBAEIVSK1ei8691VlETTf22Nh8GUOx4571ZGkbCfTKzUNrnbla\nWM81eYV8xLOgLLPs4kftEr2OA0iCojW8bdXMaUTx3FCJSv1BJz02vWNASIdbGo3G\n1yNWAHub7hKfHCi1iRVKBGO++RgTNVJ5SXmmN6mZch+hO4d+dvdMxJ56HVbFwhoC\nuZcSqAqxeZecHzeMJzg+nHpEuQwriQn3KzjyFVksSI4LG7cPcgey6IgFim0sa4P7\n9Sxl9iObmHCw/P4XBgSqvmG3ENq1fOPi4AwvV5N9hykm1A4DV0Am2kd4/jvu2qZi\nA8qj0BazQIzpuPNCQtjpbVQoYTrMuKrc4dS6iqcCggEBAJJ/e3rdqKlS7YZhnK/o\noyxn3aF08ecBN65a7rc2SueE+Zyp6Utr9LWlm/4GKIkKWs7ZIdBY+Cdit28Faq0O\nk0BLbF1YK2KeHN6CebA5X2n909eDyNX9ckOKuPhessSZo0ga92MOY3DfsEM2Y7kc\n9n5jo+6GZGZfHcmWFRFWQU2wpcJdJV49f8TVlH329bMK1+xnVFE0HuDvjVgo097g\nF1eJzyDd1Gy7wcV0vyPdINd335dAFZiCrjenGBQjK9j5xkTzDg8Ke4AYvxwPKMSa\nibP4aiyRuIM72DO3GvNY6cdQ1Y0HJk1NH5AdXKxGnWimXrfsdVWgupLvsANHlf+A\n2I8CggEAcwFvl+MmlE68OhPPoFQ6CRo6lWsid9MLy7PHxCZz7YDLjbZrEyAjc5FZ\nw0uFT5IFRv2RQW9rZO0cW+ip/lBiNDGlJHGg6iYZ3E3Y87dR0QU05tDSVLQ+6dVn\nnNKDWDbrmfi2/1ynNl/oN8YuNO30ro+l7GGc7CisAIKPu1urOjvZoJBepB76qhbd\n3XdyV8ugFLlxSuvDKU+KO/FLIXsskiI1Ygc+sK7CZnH6d18EdKqIDkfPsJwl2ute\nqcvUL4DuNlAaT3MB1GzHDP+lqEL2jspqIOUVNUfk2GB7qfQBgIPMwYmQBZl3vo98\nFsaQ+A5AwfOjVdCO2JDk910EHQlJAA==\n-----END PRIVATE KEY-----\n",
            "public_key_fingerprint_md5": "28:7f:70:9c:74:e6:2f:f5:cd:d5:b9:07:5e:3b:3d:d5",
            "public_key_fingerprint_sha256": "SHA256:TWSSUizwTJEaapMGPe6lL0dShBPBTES+jMQuh5vMMjE",
            "public_key_openssh": "ssh-rsa AAAAB3NzaC1yc2EAAAADAQABAAACAQC4WwgaX7ZgGk5eJDkZH2hhf2sCSCZ3Qo5ihdq2LdLRXv+mj0CT5OekgywIEY+w5+yMTDdIOf0abG+YYHFk9io9/w1gtJz75WdS/Ko7r+Qq/7NtJxFzIXe3kPFqCdcZeKXpVpm1LX9b3IqGShsUF8lGv3D3GFh7/W/ZKiZzxWvT6P+5BJIxVLrO4cUUZ699RgKLwTT6NpTJadVABb7XgaWEUCUJJPNhvG+OdNflCBiUNjP//BskwqEDcMhu7su6kCFQSUEFMsCj7liaEP6wcBKJEW8lFA3iymnAWXxuHsbdymOOHTcs1Q1XMn+uszu/j9Z3Y3TkypbnGFDi2tNBlvzSblwe91Ng7wtsDIF3A6dDIkXWSjNoc6BroIA4Z7m14TTLkzyh1QAzmfd3zd+OZpTbUF2gZJNUSb0J09M2ptH9OJddLzzHBFyqJ4EHrSHa5J+IIRGWY96TBpfN5BQbTxsDBzA82jzvYpd/LlOq3Goa2hfb32MT/5ORWNnqjczX4PcwvYf6cCctv6KZaBpjT4tw6+tipNSZPvyc8HlfRGOqm3FgV6zas+YExhkwczyGNM4V5l7vtbgz3fhz0jW/Ti/X3BOaxo3l5Ro80cDRkyYlBe71ddl6UQQaG9cPIWewM0rz2J9Bi61A6kWZG/tYZGEtmXgU3Usdtx12vTUTMZqdJQ==\n",
            "public_key_pem": "-----BEGIN PUBLIC KEY-----\nMIICIjANBgkqhkiG9w0BAQEFAAOCAg8AMIICCgKCAgEAuFsIGl+2YBpOXiQ5GR9o\nYX9rAkgmd0KOYoXati3S0V7/po9Ak+TnpIMsCBGPsOfsjEw3SDn9GmxvmGBxZPYq\nPf8NYLSc++VnUvyqO6/kKv+zbScRcyF3t5DxagnXGXil6VaZtS1/W9yKhkobFBfJ\nRr9w9xhYe/1v2Somc8Vr0+j/uQSSMVS6zuHFFGevfUYCi8E0+jaUyWnVQAW+14Gl\nhFAlCSTzYbxvjnTX5QgYlDYz//wbJMKhA3DIbu7LupAhUElBBTLAo+5YmhD+sHAS\niRFvJRQN4sppwFl8bh7G3cpjjh03LNUNVzJ/rrM7v4/Wd2N05MqW5xhQ4trTQZb8\n0m5cHvdTYO8LbAyBdwOnQyJF1kozaHOga6CAOGe5teE0y5M8odUAM5n3d83fjmaU\n21BdoGSTVEm9CdPTNqbR/TiXXS88xwRcqieBB60h2uSfiCERlmPekwaXzeQUG08b\nAwcwPNo872KXfy5TqtxqGtoX299jE/+TkVjZ6o3M1+D3ML2H+nAnLb+imWgaY0+L\ncOvrYqTUmT78nPB5X0RjqptxYFes2rPmBMYZMHM8hjTOFeZe77W4M934c9I1v04v\n19wTmsaN5eUaPNHA0ZMmJQXu9XXZelEEGhvXDyFnsDNK89ifQYutQOpFmRv7WGRh\nLZl4FN1LHbcddr01EzGanSUCAwEAAQ==\n-----END PUBLIC KEY-----\n",
            "rsa_bits": 4096
          },
          "sensitive_attributes": []
        }
      ]
    },
    {
      "module": "module.igw",
      "mode": "managed",
      "type": "aws_internet_gateway",
      "name": "this",
      "provider": "provider[\"registry.terraform.io/hashicorp/aws\"]",
      "instances": [
        {
          "schema_version": 0,
          "attributes": {
            "arn": "arn:aws:ec2:ap-southeast-1:847759535325:internet-gateway/igw-0ead62781ad8a7e79",
            "id": "igw-0ead62781ad8a7e79",
            "owner_id": "847759535325",
            "tags": {
              "Description": "Created using Terraform",
              "Environment": "Sandbox",
              "Name": "igw-01",
              "Owner": "pascalpeh"
            },
            "tags_all": {
              "Description": "Created using Terraform",
              "Environment": "Sandbox",
              "Name": "igw-01",
              "Owner": "pascalpeh"
            },
            "timeouts": null,
            "vpc_id": "vpc-000157ac2e49f968a"
          },
          "sensitive_attributes": [],
          "private": "eyJlMmJmYjczMC1lY2FhLTExZTYtOGY4OC0zNDM2M2JjN2M0YzAiOnsiY3JlYXRlIjoxMjAwMDAwMDAwMDAwLCJkZWxldGUiOjEyMDAwMDAwMDAwMDAsInVwZGF0ZSI6MTIwMDAwMDAwMDAwMH19",
          "dependencies": [
            "module.vpc.aws_vpc.this"
          ]
        }
      ]
    },
    {
      "module": "module.nacls",
      "mode": "managed",
      "type": "aws_network_acl",
      "name": "this",
      "provider": "provider[\"registry.terraform.io/hashicorp/aws\"]",
      "instances": [
        {
          "index_key": 0,
          "schema_version": 0,
          "attributes": {
            "arn": "arn:aws:ec2:ap-southeast-1:847759535325:network-acl/acl-00ad1d3f1e67d865f",
            "egress": [
              {
                "action": "allow",
                "cidr_block": "0.0.0.0/0",
                "from_port": 0,
                "icmp_code": null,
                "icmp_type": null,
                "ipv6_cidr_block": "",
                "protocol": "-1",
                "rule_no": 100,
                "to_port": 0
              }
            ],
            "id": "acl-00ad1d3f1e67d865f",
            "ingress": [
              {
                "action": "allow",
                "cidr_block": "0.0.0.0/0",
                "from_port": 0,
                "icmp_code": null,
                "icmp_type": null,
                "ipv6_cidr_block": "",
                "protocol": "-1",
                "rule_no": 100,
                "to_port": 0
              }
            ],
            "owner_id": "847759535325",
            "subnet_ids": [
              "subnet-08b7f656be5eebf6d",
              "subnet-0bbd88c6ea369dc00"
            ],
            "tags": {
              "Description": "Created using Terraform",
              "Environment": "Sandbox",
              "Name": "nacl-pub-01",
              "Owner": "pascalpeh"
            },
            "tags_all": {
              "Description": "Created using Terraform",
              "Environment": "Sandbox",
              "Name": "nacl-pub-01",
              "Owner": "pascalpeh"
            },
            "vpc_id": "vpc-000157ac2e49f968a"
          },
          "sensitive_attributes": [],
          "private": "bnVsbA==",
          "dependencies": [
            "module.subnets.aws_subnet.this",
            "module.vpc.aws_vpc.this"
          ]
        }
      ]
    },
    {
      "module": "module.route_association",
      "mode": "managed",
      "type": "aws_route_table_association",
      "name": "this",
      "provider": "provider[\"registry.terraform.io/hashicorp/aws\"]",
      "instances": [
        {
          "index_key": 0,
          "schema_version": 0,
          "attributes": {
            "gateway_id": "",
            "id": "rtbassoc-03491f976e92e0908",
            "route_table_id": "rtb-0cef52e3efb861066",
            "subnet_id": "subnet-08b7f656be5eebf6d",
            "timeouts": null
          },
          "sensitive_attributes": [],
          "private": "eyJlMmJmYjczMC1lY2FhLTExZTYtOGY4OC0zNDM2M2JjN2M0YzAiOnsiY3JlYXRlIjozMDAwMDAwMDAwMDAsImRlbGV0ZSI6MzAwMDAwMDAwMDAwLCJ1cGRhdGUiOjEyMDAwMDAwMDAwMH19",
          "dependencies": [
            "module.route_tables.aws_route_table.this",
            "module.subnets.aws_subnet.this",
            "module.vpc.aws_vpc.this"
          ]
        },
        {
          "index_key": 1,
          "schema_version": 0,
          "attributes": {
            "gateway_id": "",
            "id": "rtbassoc-0e788f4daa28ce7ee",
            "route_table_id": "rtb-0cef52e3efb861066",
            "subnet_id": "subnet-0bbd88c6ea369dc00",
            "timeouts": null
          },
          "sensitive_attributes": [],
          "private": "eyJlMmJmYjczMC1lY2FhLTExZTYtOGY4OC0zNDM2M2JjN2M0YzAiOnsiY3JlYXRlIjozMDAwMDAwMDAwMDAsImRlbGV0ZSI6MzAwMDAwMDAwMDAwLCJ1cGRhdGUiOjEyMDAwMDAwMDAwMH19",
          "dependencies": [
            "module.route_tables.aws_route_table.this",
            "module.subnets.aws_subnet.this",
            "module.vpc.aws_vpc.this"
          ]
        }
      ]
    },
    {
      "module": "module.route_igw",
      "mode": "managed",
      "type": "aws_route",
      "name": "this",
      "provider": "provider[\"registry.terraform.io/hashicorp/aws\"]",
      "instances": [
        {
          "index_key": 0,
          "schema_version": 0,
          "attributes": {
            "carrier_gateway_id": "",
            "core_network_arn": "",
            "destination_cidr_block": "0.0.0.0/0",
            "destination_ipv6_cidr_block": "",
            "destination_prefix_list_id": "",
            "egress_only_gateway_id": "",
            "gateway_id": "igw-0ead62781ad8a7e79",
            "id": "r-rtb-0cef52e3efb8610661080289494",
            "instance_id": "",
            "instance_owner_id": "",
            "local_gateway_id": "",
            "nat_gateway_id": "",
            "network_interface_id": "",
            "origin": "CreateRoute",
            "route_table_id": "rtb-0cef52e3efb861066",
            "state": "active",
            "timeouts": null,
            "transit_gateway_id": "",
            "vpc_endpoint_id": "",
            "vpc_peering_connection_id": ""
          },
          "sensitive_attributes": [],
          "private": "eyJlMmJmYjczMC1lY2FhLTExZTYtOGY4OC0zNDM2M2JjN2M0YzAiOnsiY3JlYXRlIjozMDAwMDAwMDAwMDAsImRlbGV0ZSI6MzAwMDAwMDAwMDAwLCJ1cGRhdGUiOjEyMDAwMDAwMDAwMH19",
          "dependencies": [
            "module.igw.aws_internet_gateway.this",
            "module.route_tables.aws_route_table.this",
            "module.vpc.aws_vpc.this"
          ]
        }
      ]
    },
    {
      "module": "module.route_tables",
      "mode": "managed",
      "type": "aws_route_table",
      "name": "this",
      "provider": "provider[\"registry.terraform.io/hashicorp/aws\"]",
      "instances": [
        {
          "index_key": 0,
          "schema_version": 0,
          "attributes": {
            "arn": "arn:aws:ec2:ap-southeast-1:847759535325:route-table/rtb-0cef52e3efb861066",
            "id": "rtb-0cef52e3efb861066",
            "owner_id": "847759535325",
            "propagating_vgws": [],
            "route": [],
            "tags": {
              "Description": "Created using Terraform",
              "Environment": "Sandbox",
              "Name": "rt-pub-01",
              "Owner": "pascalpeh"
            },
            "tags_all": {
              "Description": "Created using Terraform",
              "Environment": "Sandbox",
              "Name": "rt-pub-01",
              "Owner": "pascalpeh"
            },
            "timeouts": null,
            "vpc_id": "vpc-000157ac2e49f968a"
          },
          "sensitive_attributes": [],
          "private": "eyJlMmJmYjczMC1lY2FhLTExZTYtOGY4OC0zNDM2M2JjN2M0YzAiOnsiY3JlYXRlIjozMDAwMDAwMDAwMDAsImRlbGV0ZSI6MzAwMDAwMDAwMDAwLCJ1cGRhdGUiOjEyMDAwMDAwMDAwMH19",
          "dependencies": [
            "module.vpc.aws_vpc.this"
          ]
        }
      ]
    },
    {
      "module": "module.security_groups",
      "mode": "managed",
      "type": "aws_security_group",
      "name": "this",
      "provider": "provider[\"registry.terraform.io/hashicorp/aws\"]",
      "instances": [
        {
          "index_key": 0,
          "schema_version": 1,
          "attributes": {
            "arn": "arn:aws:ec2:ap-southeast-1:847759535325:security-group/sg-09f51fe031d9a49a8",
            "description": "Security Group for Bastion login",
            "egress": [
              {
                "cidr_blocks": [
                  "0.0.0.0/0"
                ],
                "description": "Allow all outbound",
                "from_port": 0,
                "ipv6_cidr_blocks": [],
                "prefix_list_ids": [],
                "protocol": "-1",
                "security_groups": [],
                "self": false,
                "to_port": 0
              }
            ],
            "id": "sg-09f51fe031d9a49a8",
            "ingress": [
              {
                "cidr_blocks": [
                  "0.0.0.0/0"
                ],
                "description": "Allow ICMP Ping",
                "from_port": -1,
                "ipv6_cidr_blocks": [],
                "prefix_list_ids": [],
                "protocol": "icmp",
                "security_groups": [],
                "self": false,
                "to_port": -1
              },
              {
                "cidr_blocks": [
                  "0.0.0.0/0"
                ],
                "description": "RDP rule",
                "from_port": 3389,
                "ipv6_cidr_blocks": [],
                "prefix_list_ids": [],
                "protocol": "tcp",
                "security_groups": [],
                "self": false,
                "to_port": 3389
              },
              {
                "cidr_blocks": [
                  "0.0.0.0/0"
                ],
                "description": "SSH rule",
                "from_port": 22,
                "ipv6_cidr_blocks": [],
                "prefix_list_ids": [],
                "protocol": "tcp",
                "security_groups": [],
                "self": false,
                "to_port": 22
              }
            ],
            "name": "sgrp-bastion-001",
            "name_prefix": "",
            "owner_id": "847759535325",
            "revoke_rules_on_delete": false,
            "tags": {
              "Name": "sgrp-bastion-001"
            },
            "tags_all": {
              "Name": "sgrp-bastion-001"
            },
            "timeouts": null,
            "vpc_id": "vpc-000157ac2e49f968a"
          },
          "sensitive_attributes": [],
          "private": "eyJlMmJmYjczMC1lY2FhLTExZTYtOGY4OC0zNDM2M2JjN2M0YzAiOnsiY3JlYXRlIjo2MDAwMDAwMDAwMDAsImRlbGV0ZSI6OTAwMDAwMDAwMDAwfSwic2NoZW1hX3ZlcnNpb24iOiIxIn0=",
          "dependencies": [
            "module.vpc.aws_vpc.this"
          ]
        },
        {
          "index_key": 1,
          "schema_version": 1,
          "attributes": {
            "arn": "arn:aws:ec2:ap-southeast-1:847759535325:security-group/sg-00daa6bfdc81499fb",
            "description": "Security Group for Web nodes",
            "egress": [
              {
                "cidr_blocks": [
                  "0.0.0.0/0"
                ],
                "description": "Allow all outbound",
                "from_port": 0,
                "ipv6_cidr_blocks": [],
                "prefix_list_ids": [],
                "protocol": "-1",
                "security_groups": [],
                "self": false,
                "to_port": 0
              }
            ],
            "id": "sg-00daa6bfdc81499fb",
            "ingress": [
              {
                "cidr_blocks": [
                  "0.0.0.0/0"
                ],
                "description": "HTTP inbound Rule",
                "from_port": 80,
                "ipv6_cidr_blocks": [],
                "prefix_list_ids": [],
                "protocol": "tcp",
                "security_groups": [],
                "self": false,
                "to_port": 80
              },
              {
                "cidr_blocks": [
                  "0.0.0.0/0"
                ],
                "description": "HTTPS inbound Rule",
                "from_port": 443,
                "ipv6_cidr_blocks": [],
                "prefix_list_ids": [],
                "protocol": "tcp",
                "security_groups": [],
                "self": false,
                "to_port": 443
              }
            ],
            "name": "sgrp-web-001",
            "name_prefix": "",
            "owner_id": "847759535325",
            "revoke_rules_on_delete": false,
            "tags": {
              "Name": "sgrp-web-001"
            },
            "tags_all": {
              "Name": "sgrp-web-001"
            },
            "timeouts": null,
            "vpc_id": "vpc-000157ac2e49f968a"
          },
          "sensitive_attributes": [],
          "private": "eyJlMmJmYjczMC1lY2FhLTExZTYtOGY4OC0zNDM2M2JjN2M0YzAiOnsiY3JlYXRlIjo2MDAwMDAwMDAwMDAsImRlbGV0ZSI6OTAwMDAwMDAwMDAwfSwic2NoZW1hX3ZlcnNpb24iOiIxIn0=",
          "dependencies": [
            "module.vpc.aws_vpc.this"
          ]
        }
      ]
    },
    {
      "module": "module.static_webpage_ec2",
      "mode": "managed",
      "type": "aws_instance",
      "name": "this",
      "provider": "provider[\"registry.terraform.io/hashicorp/aws\"]",
      "instances": [
        {
          "index_key": 0,
          "schema_version": 1,
          "attributes": {
            "ami": "ami-06dc977f58c8d7857",
            "arn": "arn:aws:ec2:ap-southeast-1:847759535325:instance/i-0ba0b8bf756814c5a",
            "associate_public_ip_address": true,
            "availability_zone": "ap-southeast-1a",
            "capacity_reservation_specification": [
              {
                "capacity_reservation_preference": "open",
                "capacity_reservation_target": []
              }
            ],
            "cpu_core_count": 1,
            "cpu_options": [
              {
                "amd_sev_snp": "",
                "core_count": 1,
                "threads_per_core": 1
              }
            ],
            "cpu_threads_per_core": 1,
            "credit_specification": [
              {
                "cpu_credits": "standard"
              }
            ],
            "disable_api_stop": false,
            "disable_api_termination": false,
            "ebs_block_device": [],
            "ebs_optimized": false,
            "enable_primary_ipv6": null,
            "enclave_options": [
              {
                "enabled": false
              }
            ],
            "ephemeral_block_device": [],
            "get_password_data": false,
            "hibernation": false,
            "host_id": "",
            "host_resource_group_arn": null,
            "iam_instance_profile": "",
            "id": "i-0ba0b8bf756814c5a",
            "instance_initiated_shutdown_behavior": "stop",
            "instance_lifecycle": "",
            "instance_market_options": [],
            "instance_state": "running",
            "instance_type": "t2.micro",
            "ipv6_address_count": 0,
            "ipv6_addresses": [],
            "key_name": "my_ec2_keypair",
            "launch_template": [],
            "maintenance_options": [
              {
                "auto_recovery": "default"
              }
            ],
            "metadata_options": [
              {
                "http_endpoint": "enabled",
                "http_protocol_ipv6": "disabled",
                "http_put_response_hop_limit": 1,
                "http_tokens": "optional",
                "instance_metadata_tags": "disabled"
              }
            ],
            "monitoring": false,
            "network_interface": [],
            "outpost_arn": "",
            "password_data": "",
            "placement_group": "",
            "placement_partition_number": 0,
            "primary_network_interface_id": "eni-0c80e41c53d8e41ff",
            "private_dns": "ip-192-168-1-10.ap-southeast-1.compute.internal",
            "private_dns_name_options": [
              {
                "enable_resource_name_dns_a_record": false,
                "enable_resource_name_dns_aaaa_record": false,
                "hostname_type": "ip-name"
              }
            ],
            "private_ip": "192.168.1.10",
            "public_dns": "ec2-54-255-185-164.ap-southeast-1.compute.amazonaws.com",
            "public_ip": "54.255.185.164",
            "root_block_device": [
              {
                "delete_on_termination": true,
                "device_name": "/dev/sda1",
                "encrypted": false,
                "iops": 3000,
                "kms_key_id": "",
                "tags": null,
                "tags_all": {},
                "throughput": 125,
                "volume_id": "vol-04992fd7f36e98409",
                "volume_size": 10,
                "volume_type": "gp3"
              }
            ],
            "secondary_private_ips": [],
            "security_groups": [],
            "source_dest_check": true,
            "spot_instance_request_id": "",
            "subnet_id": "subnet-08b7f656be5eebf6d",
            "tags": {
              "Description": "Created using Terraform",
              "Environment": "Sandbox",
              "Name": "ec2-static-webpage",
              "Owner": "pascalpeh"
            },
            "tags_all": {
              "Description": "Created using Terraform",
              "Environment": "Sandbox",
              "Name": "ec2-static-webpage",
              "Owner": "pascalpeh"
            },
            "tenancy": "default",
            "timeouts": null,
            "user_data": "5aba96d7303a2633aba57b63797ab7bcecd6d406",
            "user_data_base64": null,
            "user_data_replace_on_change": false,
            "volume_tags": {
              "Description": "Created using Terraform",
              "Environment": "Sandbox",
              "Name": "ebs-webserver-os",
              "Owner": "pascalpeh"
            },
            "vpc_security_group_ids": [
              "sg-00daa6bfdc81499fb",
              "sg-09f51fe031d9a49a8"
            ]
          },
          "sensitive_attributes": [],
          "private": "eyJlMmJmYjczMC1lY2FhLTExZTYtOGY4OC0zNDM2M2JjN2M0YzAiOnsiY3JlYXRlIjo2MDAwMDAwMDAwMDAsImRlbGV0ZSI6MTIwMDAwMDAwMDAwMCwicmVhZCI6OTAwMDAwMDAwMDAwLCJ1cGRhdGUiOjYwMDAwMDAwMDAwMH0sInNjaGVtYV92ZXJzaW9uIjoiMSJ9",
          "dependencies": [
            "module.security_groups.aws_security_group.this",
            "module.subnets.aws_subnet.this",
            "module.vpc.aws_vpc.this"
          ]
        }
      ]
    },
    {
      "module": "module.subnets",
      "mode": "managed",
      "type": "aws_subnet",
      "name": "this",
      "provider": "provider[\"registry.terraform.io/hashicorp/aws\"]",
      "instances": [
        {
          "index_key": 0,
          "schema_version": 1,
          "attributes": {
            "arn": "arn:aws:ec2:ap-southeast-1:847759535325:subnet/subnet-08b7f656be5eebf6d",
            "assign_ipv6_address_on_creation": false,
            "availability_zone": "ap-southeast-1a",
            "availability_zone_id": "apse1-az1",
            "cidr_block": "192.168.1.0/28",
            "customer_owned_ipv4_pool": "",
            "enable_dns64": false,
            "enable_lni_at_device_index": 0,
            "enable_resource_name_dns_a_record_on_launch": false,
            "enable_resource_name_dns_aaaa_record_on_launch": false,
            "id": "subnet-08b7f656be5eebf6d",
            "ipv6_cidr_block": "",
            "ipv6_cidr_block_association_id": "",
            "ipv6_native": false,
            "map_customer_owned_ip_on_launch": false,
            "map_public_ip_on_launch": true,
            "outpost_arn": "",
            "owner_id": "847759535325",
            "private_dns_hostname_type_on_launch": "ip-name",
            "tags": {
              "Description": "Created using Terraform",
              "Environment": "Sandbox",
              "Name": "sub-a-pub-01",
              "Owner": "pascalpeh"
            },
            "tags_all": {
              "Description": "Created using Terraform",
              "Environment": "Sandbox",
              "Name": "sub-a-pub-01",
              "Owner": "pascalpeh"
            },
            "timeouts": null,
            "vpc_id": "vpc-000157ac2e49f968a"
          },
          "sensitive_attributes": [],
          "private": "eyJlMmJmYjczMC1lY2FhLTExZTYtOGY4OC0zNDM2M2JjN2M0YzAiOnsiY3JlYXRlIjo2MDAwMDAwMDAwMDAsImRlbGV0ZSI6MTIwMDAwMDAwMDAwMH0sInNjaGVtYV92ZXJzaW9uIjoiMSJ9",
          "dependencies": [
            "module.vpc.aws_vpc.this"
          ]
        },
        {
          "index_key": 1,
          "schema_version": 1,
          "attributes": {
            "arn": "arn:aws:ec2:ap-southeast-1:847759535325:subnet/subnet-0bbd88c6ea369dc00",
            "assign_ipv6_address_on_creation": false,
            "availability_zone": "ap-southeast-1b",
            "availability_zone_id": "apse1-az2",
            "cidr_block": "192.168.1.16/28",
            "customer_owned_ipv4_pool": "",
            "enable_dns64": false,
            "enable_lni_at_device_index": 0,
            "enable_resource_name_dns_a_record_on_launch": false,
            "enable_resource_name_dns_aaaa_record_on_launch": false,
            "id": "subnet-0bbd88c6ea369dc00",
            "ipv6_cidr_block": "",
            "ipv6_cidr_block_association_id": "",
            "ipv6_native": false,
            "map_customer_owned_ip_on_launch": false,
            "map_public_ip_on_launch": true,
            "outpost_arn": "",
            "owner_id": "847759535325",
            "private_dns_hostname_type_on_launch": "ip-name",
            "tags": {
              "Description": "Created using Terraform",
              "Environment": "Sandbox",
              "Name": "sub-b-pub-01",
              "Owner": "pascalpeh"
            },
            "tags_all": {
              "Description": "Created using Terraform",
              "Environment": "Sandbox",
              "Name": "sub-b-pub-01",
              "Owner": "pascalpeh"
            },
            "timeouts": null,
            "vpc_id": "vpc-000157ac2e49f968a"
          },
          "sensitive_attributes": [],
          "private": "eyJlMmJmYjczMC1lY2FhLTExZTYtOGY4OC0zNDM2M2JjN2M0YzAiOnsiY3JlYXRlIjo2MDAwMDAwMDAwMDAsImRlbGV0ZSI6MTIwMDAwMDAwMDAwMH0sInNjaGVtYV92ZXJzaW9uIjoiMSJ9",
          "dependencies": [
            "module.vpc.aws_vpc.this"
          ]
        }
      ]
    },
    {
      "module": "module.vpc",
      "mode": "managed",
      "type": "aws_vpc",
      "name": "this",
      "provider": "provider[\"registry.terraform.io/hashicorp/aws\"]",
      "instances": [
        {
          "schema_version": 1,
          "attributes": {
            "arn": "arn:aws:ec2:ap-southeast-1:847759535325:vpc/vpc-000157ac2e49f968a",
            "assign_generated_ipv6_cidr_block": false,
            "cidr_block": "192.168.1.0/24",
            "default_network_acl_id": "acl-05ac5977074a8384c",
            "default_route_table_id": "rtb-0ac1cdd17777676f2",
            "default_security_group_id": "sg-071b1edb5984884af",
            "dhcp_options_id": "dopt-0c77ef68",
            "enable_dns_hostnames": true,
            "enable_dns_support": true,
            "enable_network_address_usage_metrics": false,
            "id": "vpc-000157ac2e49f968a",
            "instance_tenancy": "default",
            "ipv4_ipam_pool_id": null,
            "ipv4_netmask_length": null,
            "ipv6_association_id": "",
            "ipv6_cidr_block": "",
            "ipv6_cidr_block_network_border_group": "",
            "ipv6_ipam_pool_id": "",
            "ipv6_netmask_length": 0,
            "main_route_table_id": "rtb-0ac1cdd17777676f2",
            "owner_id": "847759535325",
            "tags": {
              "Description": "Created using Terraform",
              "Environment": "Sandbox",
              "Name": "vpc-01",
              "Owner": "pascalpeh"
            },
            "tags_all": {
              "Description": "Created using Terraform",
              "Environment": "Sandbox",
              "Name": "vpc-01",
              "Owner": "pascalpeh"
            }
          },
          "sensitive_attributes": [],
          "private": "eyJzY2hlbWFfdmVyc2lvbiI6IjEifQ=="
        }
      ]
    }
  ],
  "check_results": null
}
